
Microsoft Visual Studio Solution File, Format Version 12.00
# Visual Studio Version 17
VisualStudioVersion = 17.6.33723.286
MinimumVisualStudioVersion = 10.0.40219.1
Project("{9A19103F-16F7-4668-BE54-9A1E7A4F7556}") = "AccesoDatos", "AccesoDatos\AccesoDatos.csproj", "{35BB50B9-05E6-4A65-9A00-BD2A1ACC7BB9}"
EndProject
Project("{FAE04EC0-301F-11D3-BF4B-00C04F79EFBC}") = "WebApi", "WebApi\WebApi.csproj", "{4FD3FAEA-150D-4219-A2AA-63987A19F93D}"
EndProject
Global
	GlobalSection(SolutionConfigurationPlatforms) = preSolution
		Debug|Any CPU = Debug|Any CPU
		Release|Any CPU = Release|Any CPU
	EndGlobalSection
	GlobalSection(ProjectConfigurationPlatforms) = postSolution
		{35BB50B9-05E6-4A65-9A00-BD2A1ACC7BB9}.Debug|Any CPU.ActiveCfg = Debug|Any CPU
		{35BB50B9-05E6-4A65-9A00-BD2A1ACC7BB9}.Debug|Any CPU.Build.0 = Debug|Any CPU
		{35BB50B9-05E6-4A65-9A00-BD2A1ACC7BB9}.Release|Any CPU.ActiveCfg = Release|Any CPU
		{35BB50B9-05E6-4A65-9A00-BD2A1ACC7BB9}.Release|Any CPU.Build.0 = Release|Any CPU
		{4FD3FAEA-150D-4219-A2AA-63987A19F93D}.Debug|Any CPU.ActiveCfg = Debug|Any CPU
		{4FD3FAEA-150D-4219-A2AA-63987A19F93D}.Debug|Any CPU.Build.0 = Debug|Any CPU
		{4FD3FAEA-150D-4219-A2AA-63987A19F93D}.Release|Any CPU.ActiveCfg = Release|Any CPU
		{4FD3FAEA-150D-4219-A2AA-63987A19F93D}.Release|Any CPU.Build.0 = Release|Any CPU
	EndGlobalSection
	GlobalSection(SolutionProperties) = preSolution
		HideSolutionNode = FALSE
	EndGlobalSection
	GlobalSection(ExtensibilityGlobals) = postSolution
		SolutionGuid = {393EAFCF-A628-4183-AA17-1F3901755C5A}
	EndGlobalSection
EndGlobal
